// !$*UTF8*$!
{
	archiveVersion = 1;
	classes = {
	};
	objectVersion = 50;
	objects = {

/* Begin PBXBuildFile section */
		9245442521188E10004BBD15 /* AppDelegate.swift in Sources */ = {isa = PBXBuildFile; fileRef = 9245442421188E10004BBD15 /* AppDelegate.swift */; };
		9245442A21188E10004BBD15 /* Main.storyboard in Resources */ = {isa = PBXBuildFile; fileRef = 9245442821188E10004BBD15 /* Main.storyboard */; };
		9245442C21188E13004BBD15 /* Assets.xcassets in Resources */ = {isa = PBXBuildFile; fileRef = 9245442B21188E13004BBD15 /* Assets.xcassets */; };
		9245442F21188E13004BBD15 /* LaunchScreen.storyboard in Resources */ = {isa = PBXBuildFile; fileRef = 9245442D21188E13004BBD15 /* LaunchScreen.storyboard */; };
		9245443A21188E13004BBD15 /* FlixBusTests.swift in Sources */ = {isa = PBXBuildFile; fileRef = 9245443921188E13004BBD15 /* FlixBusTests.swift */; };
		92EC64362118C01500A5E988 /* FBBusInfoCell.xib in Resources */ = {isa = PBXBuildFile; fileRef = 92EC64342118C01400A5E988 /* FBBusInfoCell.xib */; };
		92EC64372118C01500A5E988 /* FBBusInfoCell.swift in Sources */ = {isa = PBXBuildFile; fileRef = 92EC64352118C01400A5E988 /* FBBusInfoCell.swift */; };
		92FE340B211A163B00FC12F4 /* FBAlertViewController.swift in Sources */ = {isa = PBXBuildFile; fileRef = 92FE3408211A163B00FC12F4 /* FBAlertViewController.swift */; };
		92FE340C211A163B00FC12F4 /* FBTableView.swift in Sources */ = {isa = PBXBuildFile; fileRef = 92FE3409211A163B00FC12F4 /* FBTableView.swift */; };
		92FE340D211A163B00FC12F4 /* FBStoryBoard.swift in Sources */ = {isa = PBXBuildFile; fileRef = 92FE340A211A163B00FC12F4 /* FBStoryBoard.swift */; };
		92FE341D211A16E700FC12F4 /* FBPayLoadHeaders.swift in Sources */ = {isa = PBXBuildFile; fileRef = 92FE3410211A16E600FC12F4 /* FBPayLoadHeaders.swift */; };
		92FE341E211A16E700FC12F4 /* WUJSONParser.swift in Sources */ = {isa = PBXBuildFile; fileRef = 92FE3411211A16E600FC12F4 /* WUJSONParser.swift */; };
		92FE341F211A16E700FC12F4 /* FBHomePresenter.swift in Sources */ = {isa = PBXBuildFile; fileRef = 92FE3413211A16E600FC12F4 /* FBHomePresenter.swift */; };
		92FE3420211A16E700FC12F4 /* FBHomeViewController.swift in Sources */ = {isa = PBXBuildFile; fileRef = 92FE3415211A16E600FC12F4 /* FBHomeViewController.swift */; };
		92FE3421211A16E700FC12F4 /* FBBusInfoViewController.swift in Sources */ = {isa = PBXBuildFile; fileRef = 92FE3416211A16E600FC12F4 /* FBBusInfoViewController.swift */; };
		92FE3422211A16E700FC12F4 /* FBHomeProtocols.swift in Sources */ = {isa = PBXBuildFile; fileRef = 92FE3418211A16E600FC12F4 /* FBHomeProtocols.swift */; };
		92FE3423211A16E700FC12F4 /* FBHomeInteractor.swift in Sources */ = {isa = PBXBuildFile; fileRef = 92FE341A211A16E600FC12F4 /* FBHomeInteractor.swift */; };
		92FE3424211A16E700FC12F4 /* FBHomeRouter.swift in Sources */ = {isa = PBXBuildFile; fileRef = 92FE341C211A16E600FC12F4 /* FBHomeRouter.swift */; };
/* End PBXBuildFile section */

/* Begin PBXContainerItemProxy section */
		9245443621188E13004BBD15 /* PBXContainerItemProxy */ = {
			isa = PBXContainerItemProxy;
			containerPortal = 9245441921188E10004BBD15 /* Project object */;
			proxyType = 1;
			remoteGlobalIDString = 9245442021188E10004BBD15;
			remoteInfo = FlixBus;
		};
/* End PBXContainerItemProxy section */

/* Begin PBXFileReference section */
		9245442121188E10004BBD15 /* FlixBus.app */ = {isa = PBXFileReference; explicitFileType = wrapper.application; includeInIndex = 0; path = FlixBus.app; sourceTree = BUILT_PRODUCTS_DIR; };
		9245442421188E10004BBD15 /* AppDelegate.swift */ = {isa = PBXFileReference; lastKnownFileType = sourcecode.swift; path = AppDelegate.swift; sourceTree = "<group>"; };
		9245442921188E10004BBD15 /* Base */ = {isa = PBXFileReference; lastKnownFileType = file.storyboard; name = Base; path = Base.lproj/Main.storyboard; sourceTree = "<group>"; };
		9245442B21188E13004BBD15 /* Assets.xcassets */ = {isa = PBXFileReference; lastKnownFileType = folder.assetcatalog; path = Assets.xcassets; sourceTree = "<group>"; };
		9245442E21188E13004BBD15 /* Base */ = {isa = PBXFileReference; lastKnownFileType = file.storyboard; name = Base; path = Base.lproj/LaunchScreen.storyboard; sourceTree = "<group>"; };
		9245443021188E13004BBD15 /* Info.plist */ = {isa = PBXFileReference; lastKnownFileType = text.plist.xml; path = Info.plist; sourceTree = "<group>"; };
		9245443521188E13004BBD15 /* FlixBusTests.xctest */ = {isa = PBXFileReference; explicitFileType = wrapper.cfbundle; includeInIndex = 0; path = FlixBusTests.xctest; sourceTree = BUILT_PRODUCTS_DIR; };
		9245443921188E13004BBD15 /* FlixBusTests.swift */ = {isa = PBXFileReference; lastKnownFileType = sourcecode.swift; path = FlixBusTests.swift; sourceTree = "<group>"; };
		9245443B21188E13004BBD15 /* Info.plist */ = {isa = PBXFileReference; lastKnownFileType = text.plist.xml; path = Info.plist; sourceTree = "<group>"; };
		92EC64342118C01400A5E988 /* FBBusInfoCell.xib */ = {isa = PBXFileReference; fileEncoding = 4; lastKnownFileType = file.xib; path = FBBusInfoCell.xib; sourceTree = "<group>"; };
		92EC64352118C01400A5E988 /* FBBusInfoCell.swift */ = {isa = PBXFileReference; fileEncoding = 4; lastKnownFileType = sourcecode.swift; path = FBBusInfoCell.swift; sourceTree = "<group>"; };
		92FE3408211A163B00FC12F4 /* FBAlertViewController.swift */ = {isa = PBXFileReference; fileEncoding = 4; lastKnownFileType = sourcecode.swift; path = FBAlertViewController.swift; sourceTree = "<group>"; };
		92FE3409211A163B00FC12F4 /* FBTableView.swift */ = {isa = PBXFileReference; fileEncoding = 4; lastKnownFileType = sourcecode.swift; path = FBTableView.swift; sourceTree = "<group>"; };
		92FE340A211A163B00FC12F4 /* FBStoryBoard.swift */ = {isa = PBXFileReference; fileEncoding = 4; lastKnownFileType = sourcecode.swift; path = FBStoryBoard.swift; sourceTree = "<group>"; };
		92FE3410211A16E600FC12F4 /* FBPayLoadHeaders.swift */ = {isa = PBXFileReference; fileEncoding = 4; lastKnownFileType = sourcecode.swift; path = FBPayLoadHeaders.swift; sourceTree = "<group>"; };
		92FE3411211A16E600FC12F4 /* WUJSONParser.swift */ = {isa = PBXFileReference; fileEncoding = 4; lastKnownFileType = sourcecode.swift; path = WUJSONParser.swift; sourceTree = "<group>"; };
		92FE3413211A16E600FC12F4 /* FBHomePresenter.swift */ = {isa = PBXFileReference; fileEncoding = 4; lastKnownFileType = sourcecode.swift; path = FBHomePresenter.swift; sourceTree = "<group>"; };
		92FE3415211A16E600FC12F4 /* FBHomeViewController.swift */ = {isa = PBXFileReference; fileEncoding = 4; lastKnownFileType = sourcecode.swift; path = FBHomeViewController.swift; sourceTree = "<group>"; };
		92FE3416211A16E600FC12F4 /* FBBusInfoViewController.swift */ = {isa = PBXFileReference; fileEncoding = 4; lastKnownFileType = sourcecode.swift; path = FBBusInfoViewController.swift; sourceTree = "<group>"; };
		92FE3418211A16E600FC12F4 /* FBHomeProtocols.swift */ = {isa = PBXFileReference; fileEncoding = 4; lastKnownFileType = sourcecode.swift; path = FBHomeProtocols.swift; sourceTree = "<group>"; };
		92FE341A211A16E600FC12F4 /* FBHomeInteractor.swift */ = {isa = PBXFileReference; fileEncoding = 4; lastKnownFileType = sourcecode.swift; path = FBHomeInteractor.swift; sourceTree = "<group>"; };
		92FE341C211A16E600FC12F4 /* FBHomeRouter.swift */ = {isa = PBXFileReference; fileEncoding = 4; lastKnownFileType = sourcecode.swift; path = FBHomeRouter.swift; sourceTree = "<group>"; };
/* End PBXFileReference section */

/* Begin PBXFrameworksBuildPhase section */
		9245441E21188E10004BBD15 /* Frameworks */ = {
			isa = PBXFrameworksBuildPhase;
			buildActionMask = 2147483647;
			files = (
			);
			runOnlyForDeploymentPostprocessing = 0;
		};
		9245443221188E13004BBD15 /* Frameworks */ = {
			isa = PBXFrameworksBuildPhase;
			buildActionMask = 2147483647;
			files = (
			);
			runOnlyForDeploymentPostprocessing = 0;
		};
/* End PBXFrameworksBuildPhase section */

/* Begin PBXGroup section */
		9245441821188E10004BBD15 = {
			isa = PBXGroup;
			children = (
				9245442321188E10004BBD15 /* FlixBus */,
				9245443821188E13004BBD15 /* FlixBusTests */,
				9245442221188E10004BBD15 /* Products */,
			);
			sourceTree = "<group>";
		};
		9245442221188E10004BBD15 /* Products */ = {
			isa = PBXGroup;
			children = (
				9245442121188E10004BBD15 /* FlixBus.app */,
				9245443521188E13004BBD15 /* FlixBusTests.xctest */,
			);
			name = Products;
			sourceTree = "<group>";
		};
		9245442321188E10004BBD15 /* FlixBus */ = {
			isa = PBXGroup;
			children = (
				9245442421188E10004BBD15 /* AppDelegate.swift */,
				92FE340E211A16E600FC12F4 /* HomeView VIPER */,
				92FE3407211A163B00FC12F4 /* Helper */,
				92EC64332118C01400A5E988 /* Cell */,
				9245442821188E10004BBD15 /* Main.storyboard */,
				9245442B21188E13004BBD15 /* Assets.xcassets */,
				9245442D21188E13004BBD15 /* LaunchScreen.storyboard */,
				9245443021188E13004BBD15 /* Info.plist */,
			);
			path = FlixBus;
			sourceTree = "<group>";
		};
		9245443821188E13004BBD15 /* FlixBusTests */ = {
			isa = PBXGroup;
			children = (
				9245443921188E13004BBD15 /* FlixBusTests.swift */,
				9245443B21188E13004BBD15 /* Info.plist */,
			);
			path = FlixBusTests;
			sourceTree = "<group>";
		};
		92EC64332118C01400A5E988 /* Cell */ = {
			isa = PBXGroup;
			children = (
				92EC64342118C01400A5E988 /* FBBusInfoCell.xib */,
				92EC64352118C01400A5E988 /* FBBusInfoCell.swift */,
			);
			path = Cell;
			sourceTree = "<group>";
		};
		92FE3407211A163B00FC12F4 /* Helper */ = {
			isa = PBXGroup;
			children = (
				92FE3408211A163B00FC12F4 /* FBAlertViewController.swift */,
				92FE3409211A163B00FC12F4 /* FBTableView.swift */,
				92FE340A211A163B00FC12F4 /* FBStoryBoard.swift */,
			);
			path = Helper;
			sourceTree = "<group>";
		};
		92FE340E211A16E600FC12F4 /* HomeView VIPER */ = {
			isa = PBXGroup;
			children = (
				92FE340F211A16E600FC12F4 /* Entity */,
				92FE3417211A16E600FC12F4 /* Protocols */,
				92FE3414211A16E600FC12F4 /* View */,
				92FE3412211A16E600FC12F4 /* Presenter */,
				92FE3419211A16E600FC12F4 /* Interactor */,
				92FE341B211A16E600FC12F4 /* Router */,
			);
			path = "HomeView VIPER";
			sourceTree = "<group>";
		};
		92FE340F211A16E600FC12F4 /* Entity */ = {
			isa = PBXGroup;
			children = (
				92FE3410211A16E600FC12F4 /* FBPayLoadHeaders.swift */,
				92FE3411211A16E600FC12F4 /* WUJSONParser.swift */,
			);
			path = Entity;
			sourceTree = "<group>";
		};
		92FE3412211A16E600FC12F4 /* Presenter */ = {
			isa = PBXGroup;
			children = (
				92FE3413211A16E600FC12F4 /* FBHomePresenter.swift */,
			);
			path = Presenter;
			sourceTree = "<group>";
		};
		92FE3414211A16E600FC12F4 /* View */ = {
			isa = PBXGroup;
			children = (
				92FE3415211A16E600FC12F4 /* FBHomeViewController.swift */,
				92FE3416211A16E600FC12F4 /* FBBusInfoViewController.swift */,
			);
			path = View;
			sourceTree = "<group>";
		};
		92FE3417211A16E600FC12F4 /* Protocols */ = {
			isa = PBXGroup;
			children = (
				92FE3418211A16E600FC12F4 /* FBHomeProtocols.swift */,
			);
			path = Protocols;
			sourceTree = "<group>";
		};
		92FE3419211A16E600FC12F4 /* Interactor */ = {
			isa = PBXGroup;
			children = (
				92FE341A211A16E600FC12F4 /* FBHomeInteractor.swift */,
			);
			path = Interactor;
			sourceTree = "<group>";
		};
		92FE341B211A16E600FC12F4 /* Router */ = {
			isa = PBXGroup;
			children = (
				92FE341C211A16E600FC12F4 /* FBHomeRouter.swift */,
			);
			path = Router;
			sourceTree = "<group>";
		};
/* End PBXGroup section */

/* Begin PBXNativeTarget section */
		9245442021188E10004BBD15 /* FlixBus */ = {
			isa = PBXNativeTarget;
			buildConfigurationList = 9245443E21188E13004BBD15 /* Build configuration list for PBXNativeTarget "FlixBus" */;
			buildPhases = (
				9245441D21188E10004BBD15 /* Sources */,
				9245441E21188E10004BBD15 /* Frameworks */,
				9245441F21188E10004BBD15 /* Resources */,
			);
			buildRules = (
			);
			dependencies = (
			);
			name = FlixBus;
			productName = FlixBus;
			productReference = 9245442121188E10004BBD15 /* FlixBus.app */;
			productType = "com.apple.product-type.application";
		};
		9245443421188E13004BBD15 /* FlixBusTests */ = {
			isa = PBXNativeTarget;
			buildConfigurationList = 9245444121188E13004BBD15 /* Build configuration list for PBXNativeTarget "FlixBusTests" */;
			buildPhases = (
				9245443121188E13004BBD15 /* Sources */,
				9245443221188E13004BBD15 /* Frameworks */,
				9245443321188E13004BBD15 /* Resources */,
			);
			buildRules = (
			);
			dependencies = (
				9245443721188E13004BBD15 /* PBXTargetDependency */,
			);
			name = FlixBusTests;
			productName = FlixBusTests;
			productReference = 9245443521188E13004BBD15 /* FlixBusTests.xctest */;
			productType = "com.apple.product-type.bundle.unit-test";
		};
/* End PBXNativeTarget section */

/* Begin PBXProject section */
		9245441921188E10004BBD15 /* Project object */ = {
			isa = PBXProject;
			attributes = {
				LastSwiftUpdateCheck = 0930;
				LastUpgradeCheck = 0930;
				ORGANIZATIONNAME = sanjay;
				TargetAttributes = {
					9245442021188E10004BBD15 = {
						CreatedOnToolsVersion = 9.3;
					};
					9245443421188E13004BBD15 = {
						CreatedOnToolsVersion = 9.3;
						TestTargetID = 9245442021188E10004BBD15;
					};
				};
			};
			buildConfigurationList = 9245441C21188E10004BBD15 /* Build configuration list for PBXProject "FlixBus" */;
			compatibilityVersion = "Xcode 9.3";
			developmentRegion = en;
			hasScannedForEncodings = 0;
			knownRegions = (
				en,
				Base,
			);
			mainGroup = 9245441821188E10004BBD15;
			productRefGroup = 9245442221188E10004BBD15 /* Products */;
			projectDirPath = "";
			projectRoot = "";
			targets = (
				9245442021188E10004BBD15 /* FlixBus */,
				9245443421188E13004BBD15 /* FlixBusTests */,
			);
		};
/* End PBXProject section */

/* Begin PBXResourcesBuildPhase section */
		9245441F21188E10004BBD15 /* Resources */ = {
			isa = PBXResourcesBuildPhase;
			buildActionMask = 2147483647;
			files = (
				92EC64362118C01500A5E988 /* FBBusInfoCell.xib in Resources */,
				9245442F21188E13004BBD15 /* LaunchScreen.storyboard in Resources */,
				9245442C21188E13004BBD15 /* Assets.xcassets in Resources */,
				9245442A21188E10004BBD15 /* Main.storyboard in Resources */,
			);
			runOnlyForDeploymentPostprocessing = 0;
		};
		9245443321188E13004BBD15 /* Resources */ = {
			isa = PBXResourcesBuildPhase;
			buildActionMask = 2147483647;
			files = (
			);
			runOnlyForDeploymentPostprocessing = 0;
		};
/* End PBXResourcesBuildPhase section */

/* Begin PBXSourcesBuildPhase section */
		9245441D21188E10004BBD15 /* Sources */ = {
			isa = PBXSourcesBuildPhase;
			buildActionMask = 2147483647;
			files = (
				92FE3422211A16E700FC12F4 /* FBHomeProtocols.swift in Sources */,
				92FE3421211A16E700FC12F4 /* FBBusInfoViewController.swift in Sources */,
				92FE3423211A16E700FC12F4 /* FBHomeInteractor.swift in Sources */,
				9245442521188E10004BBD15 /* AppDelegate.swift in Sources */,
				92EC64372118C01500A5E988 /* FBBusInfoCell.swift in Sources */,
				92FE340D211A163B00FC12F4 /* FBStoryBoard.swift in Sources */,
				92FE3424211A16E700FC12F4 /* FBHomeRouter.swift in Sources */,
				92FE3420211A16E700FC12F4 /* FBHomeViewController.swift in Sources */,
				92FE340B211A163B00FC12F4 /* FBAlertViewController.swift in Sources */,
				92FE341E211A16E700FC12F4 /* WUJSONParser.swift in Sources */,
				92FE340C211A163B00FC12F4 /* FBTableView.swift in Sources */,
				92FE341D211A16E700FC12F4 /* FBPayLoadHeaders.swift in Sources */,
				92FE341F211A16E700FC12F4 /* FBHomePresenter.swift in Sources */,
			);
			runOnlyForDeploymentPostprocessing = 0;
		};
		9245443121188E13004BBD15 /* Sources */ = {
			isa = PBXSourcesBuildPhase;
			buildActionMask = 2147483647;
			files = (
				9245443A21188E13004BBD15 /* FlixBusTests.swift in Sources */,
			);
			runOnlyForDeploymentPostprocessing = 0;
		};
/* End PBXSourcesBuildPhase section */

/* Begin PBXTargetDependency section */
		9245443721188E13004BBD15 /* PBXTargetDependency */ = {
			isa = PBXTargetDependency;
			target = 9245442021188E10004BBD15 /* FlixBus */;
			targetProxy = 9245443621188E13004BBD15 /* PBXContainerItemProxy */;
		};
/* End PBXTargetDependency section */

/* Begin PBXVariantGroup section */
		9245442821188E10004BBD15 /* Main.storyboard */ = {
			isa = PBXVariantGroup;
			children = (
				9245442921188E10004BBD15 /* Base */,
			);
			name = Main.storyboard;
			sourceTree = "<group>";
		};
		9245442D21188E13004BBD15 /* LaunchScreen.storyboard */ = {
			isa = PBXVariantGroup;
			children = (
				9245442E21188E13004BBD15 /* Base */,
			);
			name = LaunchScreen.storyboard;
			sourceTree = "<group>";
		};
/* End PBXVariantGroup section */

/* Begin XCBuildConfiguration section */
		9245443C21188E13004BBD15 /* Debug */ = {
			isa = XCBuildConfiguration;
			buildSettings = {
				ALWAYS_SEARCH_USER_PATHS = NO;
				CLANG_ANALYZER_NONNULL = YES;
				CLANG_ANALYZER_NUMBER_OBJECT_CONVERSION = YES_AGGRESSIVE;
				CLANG_CXX_LANGUAGE_STANDARD = "gnu++14";
				CLANG_CXX_LIBRARY = "libc++";
				CLANG_ENABLE_MODULES = YES;
				CLANG_ENABLE_OBJC_ARC = YES;
				CLANG_ENABLE_OBJC_WEAK = YES;
				CLANG_WARN_BLOCK_CAPTURE_AUTORELEASING = YES;
				CLANG_WARN_BOOL_CONVERSION = YES;
				CLANG_WARN_COMMA = YES;
				CLANG_WARN_CONSTANT_CONVERSION = YES;
				CLANG_WARN_DEPRECATED_OBJC_IMPLEMENTATIONS = YES;
				CLANG_WARN_DIRECT_OBJC_ISA_USAGE = YES_ERROR;
				CLANG_WARN_DOCUMENTATION_COMMENTS = YES;
				CLANG_WARN_EMPTY_BODY = YES;
				CLANG_WARN_ENUM_CONVERSION = YES;
				CLANG_WARN_INFINITE_RECURSION = YES;
				CLANG_WARN_INT_CONVERSION = YES;
				CLANG_WARN_NON_LITERAL_NULL_CONVERSION = YES;
				CLANG_WARN_OBJC_IMPLICIT_RETAIN_SELF = YES;
				CLANG_WARN_OBJC_LITERAL_CONVERSION = YES;
				CLANG_WARN_OBJC_ROOT_CLASS = YES_ERROR;
				CLANG_WARN_RANGE_LOOP_ANALYSIS = YES;
				CLANG_WARN_STRICT_PROTOTYPES = YES;
				CLANG_WARN_SUSPICIOUS_MOVE = YES;
				CLANG_WARN_UNGUARDED_AVAILABILITY = YES_AGGRESSIVE;
				CLANG_WARN_UNREACHABLE_CODE = YES;
				CLANG_WARN__DUPLICATE_METHOD_MATCH = YES;
				CODE_SIGN_IDENTITY = "iPhone Developer";
				COPY_PHASE_STRIP = NO;
				DEBUG_INFORMATION_FORMAT = dwarf;
				ENABLE_STRICT_OBJC_MSGSEND = YES;
				ENABLE_TESTABILITY = YES;
				GCC_C_LANGUAGE_STANDARD = gnu11;
				GCC_DYNAMIC_NO_PIC = NO;
				GCC_NO_COMMON_BLOCKS = YES;
				GCC_OPTIMIZATION_LEVEL = 0;
				GCC_PREPROCESSOR_DEFINITIONS = (
					"DEBUG=1",
					"$(inherited)",
				);
				GCC_WARN_64_TO_32_BIT_CONVERSION = YES;
				GCC_WARN_ABOUT_RETURN_TYPE = YES_ERROR;
				GCC_WARN_UNDECLARED_SELECTOR = YES;
				GCC_WARN_UNINITIALIZED_AUTOS = YES_AGGRESSIVE;
				GCC_WARN_UNUSED_FUNCTION = YES;
				GCC_WARN_UNUSED_VARIABLE = YES;
				IPHONEOS_DEPLOYMENT_TARGET = 11.3;
				MTL_ENABLE_DEBUG_INFO = YES;
				ONLY_ACTIVE_ARCH = YES;
				SDKROOT = iphoneos;
				SWIFT_ACTIVE_COMPILATION_CONDITIONS = DEBUG;
				SWIFT_OPTIMIZATION_LEVEL = "-Onone";
			};
			name = Debug;
		};
		9245443D21188E13004BBD15 /* Release */ = {
			isa = XCBuildConfiguration;
			buildSettings = {
				ALWAYS_SEARCH_USER_PATHS = NO;
				CLANG_ANALYZER_NONNULL = YES;
				CLANG_ANALYZER_NUMBER_OBJECT_CONVERSION = YES_AGGRESSIVE;
				CLANG_CXX_LANGUAGE_STANDARD = "gnu++14";
				CLANG_CXX_LIBRARY = "libc++";
				CLANG_ENABLE_MODULES = YES;
				CLANG_ENABLE_OBJC_ARC = YES;
				CLANG_ENABLE_OBJC_WEAK = YES;
				CLANG_WARN_BLOCK_CAPTURE_AUTORELEASING = YES;
				CLANG_WARN_BOOL_CONVERSION = YES;
				CLANG_WARN_COMMA = YES;
				CLANG_WARN_CONSTANT_CONVERSION = YES;
				CLANG_WARN_DEPRECATED_OBJC_IMPLEMENTATIONS = YES;
				CLANG_WARN_DIRECT_OBJC_ISA_USAGE = YES_ERROR;
				CLANG_WARN_DOCUMENTATION_COMMENTS = YES;
				CLANG_WARN_EMPTY_BODY = YES;
				CLANG_WARN_ENUM_CONVERSION = YES;
				CLANG_WARN_INFINITE_RECURSION = YES;
				CLANG_WARN_INT_CONVERSION = YES;
				CLANG_WARN_NON_LITERAL_NULL_CONVERSION = YES;
				CLANG_WARN_OBJC_IMPLICIT_RETAIN_SELF = YES;
				CLANG_WARN_OBJC_LITERAL_CONVERSION = YES;
				CLANG_WARN_OBJC_ROOT_CLASS = YES_ERROR;
				CLANG_WARN_RANGE_LOOP_ANALYSIS = YES;
				CLANG_WARN_STRICT_PROTOTYPES = YES;
				CLANG_WARN_SUSPICIOUS_MOVE = YES;
				CLANG_WARN_UNGUARDED_AVAILABILITY = YES_AGGRESSIVE;
				CLANG_WARN_UNREACHABLE_CODE = YES;
				CLANG_WARN__DUPLICATE_METHOD_MATCH = YES;
				CODE_SIGN_IDENTITY = "iPhone Developer";
				COPY_PHASE_STRIP = NO;
				DEBUG_INFORMATION_FORMAT = "dwarf-with-dsym";
				ENABLE_NS_ASSERTIONS = NO;
				ENABLE_STRICT_OBJC_MSGSEND = YES;
				GCC_C_LANGUAGE_STANDARD = gnu11;
				GCC_NO_COMMON_BLOCKS = YES;
				GCC_WARN_64_TO_32_BIT_CONVERSION = YES;
				GCC_WARN_ABOUT_RETURN_TYPE = YES_ERROR;
				GCC_WARN_UNDECLARED_SELECTOR = YES;
				GCC_WARN_UNINITIALIZED_AUTOS = YES_AGGRESSIVE;
				GCC_WARN_UNUSED_FUNCTION = YES;
				GCC_WARN_UNUSED_VARIABLE = YES;
				IPHONEOS_DEPLOYMENT_TARGET = 11.3;
				MTL_ENABLE_DEBUG_INFO = NO;
				SDKROOT = iphoneos;
				SWIFT_COMPILATION_MODE = wholemodule;
				SWIFT_OPTIMIZATION_LEVEL = "-O";
				VALIDATE_PRODUCT = YES;
			};
			name = Release;
		};
		9245443F21188E13004BBD15 /* Debug */ = {
			isa = XCBuildConfiguration;
			buildSettings = {
				ASSETCATALOG_COMPILER_APPICON_NAME = AppIcon;
				CODE_SIGN_STYLE = Automatic;
				INFOPLIST_FILE = FlixBus/Info.plist;
				LD_RUNPATH_SEARCH_PATHS = (
					"$(inherited)",
					"@executable_path/Frameworks",
				);
				PRODUCT_BUNDLE_IDENTIFIER = com.test.flixbus.FlixBus;
				PRODUCT_NAME = "$(TARGET_NAME)";
				SWIFT_VERSION = 4.0;
				TARGETED_DEVICE_FAMILY = "1,2";
			};
			name = Debug;
		};
		9245444021188E13004BBD15 /* Release */ = {
			isa = XCBuildConfiguration;
			buildSettings = {
				ASSETCATALOG_COMPILER_APPICON_NAME = AppIcon;
				CODE_SIGN_STYLE = Automatic;
				INFOPLIST_FILE = FlixBus/Info.plist;
				LD_RUNPATH_SEARCH_PATHS = (
					"$(inherited)",
					"@executable_path/Frameworks",
				);
				PRODUCT_BUNDLE_IDENTIFIER = com.test.flixbus.FlixBus;
				PRODUCT_NAME = "$(TARGET_NAME)";
				SWIFT_VERSION = 4.0;
				TARGETED_DEVICE_FAMILY = "1,2";
			};
			name = Release;
		};
		9245444221188E13004BBD15 /* Debug */ = {
			isa = XCBuildConfiguration;
			buildSettings = {
				ALWAYS_EMBED_SWIFT_STANDARD_LIBRARIES = YES;
				BUNDLE_LOADER = "$(TEST_HOST)";
				CODE_SIGN_STYLE = Automatic;
				INFOPLIST_FILE = FlixBusTests/Info.plist;
				LD_RUNPATH_SEARCH_PATHS = (
					"$(inherited)",
					"@executable_path/Frameworks",
					"@loader_path/Frameworks",
				);
				PRODUCT_BUNDLE_IDENTIFIER = com.test.flixbus.FlixBusTests;
				PRODUCT_NAME = "$(TARGET_NAME)";
				SWIFT_VERSION = 4.0;
				TARGETED_DEVICE_FAMILY = "1,2";
				TEST_HOST = "$(BUILT_PRODUCTS_DIR)/FlixBus.app/FlixBus";
			};
			name = Debug;
		};
		9245444321188E13004BBD15 /* Release */ = {
			isa = XCBuildConfiguration;
			buildSettings = {
				ALWAYS_EMBED_SWIFT_STANDARD_LIBRARIES = YES;
				BUNDLE_LOADER = "$(TEST_HOST)";
				CODE_SIGN_STYLE = Automatic;
				INFOPLIST_FILE = FlixBusTests/Info.plist;
				LD_RUNPATH_SEARCH_PATHS = (
					"$(inherited)",
					"@executable_path/Frameworks",
					"@loader_path/Frameworks",
				);
				PRODUCT_BUNDLE_IDENTIFIER = com.test.flixbus.FlixBusTests;
				PRODUCT_NAME = "$(TARGET_NAME)";
				SWIFT_VERSION = 4.0;
				TARGETED_DEVICE_FAMILY = "1,2";
				TEST_HOST = "$(BUILT_PRODUCTS_DIR)/FlixBus.app/FlixBus";
			};
			name = Release;
		};
/* End XCBuildConfiguration section */

/* Begin XCConfigurationList section */
		9245441C21188E10004BBD15 /* Build configuration list for PBXProject "FlixBus" */ = {
			isa = XCConfigurationList;
			buildConfigurations = (
				9245443C21188E13004BBD15 /* Debug */,
				9245443D21188E13004BBD15 /* Release */,
			);
			defaultConfigurationIsVisible = 0;
			defaultConfigurationName = Release;
		};
		9245443E21188E13004BBD15 /* Build configuration list for PBXNativeTarget "FlixBus" */ = {
			isa = XCConfigurationList;
			buildConfigurations = (
				9245443F21188E13004BBD15 /* Debug */,
				9245444021188E13004BBD15 /* Release */,
			);
			defaultConfigurationIsVisible = 0;
			defaultConfigurationName = Release;
		};
		9245444121188E13004BBD15 /* Build configuration list for PBXNativeTarget "FlixBusTests" */ = {
			isa = XCConfigurationList;
			buildConfigurations = (
				9245444221188E13004BBD15 /* Debug */,
				9245444321188E13004BBD15 /* Release */,
			);
			defaultConfigurationIsVisible = 0;
			defaultConfigurationName = Release;
		};
/* End XCConfigurationList section */
	};
	rootObject = 9245441921188E10004BBD15 /* Project object */;
}
